
Microsoft Visual Studio Solution File, Format Version 12.00
# Visual Studio 14
VisualStudioVersion = 14.0.24720.0
MinimumVisualStudioVersion = 10.0.40219.1
Project("{F184B08F-C81C-45F6-A57F-5ABD9991F28F}") = "Presentacion", "Presentacion\Presentacion.vbproj", "{47535A4E-882F-4DF8-9966-C4D358C00831}"
EndProject
Project("{FAE04EC0-301F-11D3-BF4B-00C04F79EFBC}") = "Logica", "Logica\Logica.csproj", "{92A5766A-BB15-4DBC-B243-112DF8323CE9}"
EndProject
Project("{FAE04EC0-301F-11D3-BF4B-00C04F79EFBC}") = "ObjectosTransferencia", "ObjectosTransferencia\ObjectosTransferencia.csproj", "{55EB0610-E869-47C5-9043-695614CDF23D}"
EndProject
Project("{F184B08F-C81C-45F6-A57F-5ABD9991F28F}") = "EnlaceDatos", "EnlaceDatos\EnlaceDatos.vbproj", "{ACA4B1A9-91A2-4AE1-92C6-50B1FC6044F4}"
EndProject
Global
	GlobalSection(SolutionConfigurationPlatforms) = preSolution
		Debug|Any CPU = Debug|Any CPU
		Release|Any CPU = Release|Any CPU
	EndGlobalSection
	GlobalSection(ProjectConfigurationPlatforms) = postSolution
		{47535A4E-882F-4DF8-9966-C4D358C00831}.Debug|Any CPU.ActiveCfg = Debug|Any CPU
		{47535A4E-882F-4DF8-9966-C4D358C00831}.Debug|Any CPU.Build.0 = Debug|Any CPU
		{47535A4E-882F-4DF8-9966-C4D358C00831}.Release|Any CPU.ActiveCfg = Release|Any CPU
		{47535A4E-882F-4DF8-9966-C4D358C00831}.Release|Any CPU.Build.0 = Release|Any CPU
		{92A5766A-BB15-4DBC-B243-112DF8323CE9}.Debug|Any CPU.ActiveCfg = Debug|Any CPU
		{92A5766A-BB15-4DBC-B243-112DF8323CE9}.Debug|Any CPU.Build.0 = Debug|Any CPU
		{92A5766A-BB15-4DBC-B243-112DF8323CE9}.Release|Any CPU.ActiveCfg = Release|Any CPU
		{92A5766A-BB15-4DBC-B243-112DF8323CE9}.Release|Any CPU.Build.0 = Release|Any CPU
		{55EB0610-E869-47C5-9043-695614CDF23D}.Debug|Any CPU.ActiveCfg = Debug|Any CPU
		{55EB0610-E869-47C5-9043-695614CDF23D}.Debug|Any CPU.Build.0 = Debug|Any CPU
		{55EB0610-E869-47C5-9043-695614CDF23D}.Release|Any CPU.ActiveCfg = Release|Any CPU
		{55EB0610-E869-47C5-9043-695614CDF23D}.Release|Any CPU.Build.0 = Release|Any CPU
		{ACA4B1A9-91A2-4AE1-92C6-50B1FC6044F4}.Debug|Any CPU.ActiveCfg = Debug|Any CPU
		{ACA4B1A9-91A2-4AE1-92C6-50B1FC6044F4}.Debug|Any CPU.Build.0 = Debug|Any CPU
		{ACA4B1A9-91A2-4AE1-92C6-50B1FC6044F4}.Release|Any CPU.ActiveCfg = Release|Any CPU
		{ACA4B1A9-91A2-4AE1-92C6-50B1FC6044F4}.Release|Any CPU.Build.0 = Release|Any CPU
	EndGlobalSection
	GlobalSection(SolutionProperties) = preSolution
		HideSolutionNode = FALSE
	EndGlobalSection
EndGlobal
